<?xml version="1.0" encoding="utf-8"?>
<Project ToolsVersion="4.0" xmlns="http://schemas.microsoft.com/developer/msbuild/2003">
  <ItemGroup>
    <Filter Include="Source Files">
      <UniqueIdentifier>{4FC737F1-C7A5-4376-A066-2A32D752A2FF}</UniqueIdentifier>
      <Extensions>cpp;c;cc;cxx;def;odl;idl;hpj;bat;asm;asmx</Extensions>
    </Filter>
    <Filter Include="Header Files">
      <UniqueIdentifier>{93995380-89BD-4b04-88EB-625FBE52EBFB}</UniqueIdentifier>
      <Extensions>h;hh;hpp;hxx;hm;inl;inc;xsd</Extensions>
    </Filter>
    <Filter Include="Resource Files">
      <UniqueIdentifier>{67DA6AB6-F800-4c08-8B7A-83BB121AAD01}</UniqueIdentifier>
      <Extensions>rc;ico;cur;bmp;dlg;rc2;rct;bin;rgs;gif;jpg;jpeg;jpe;resx;tiff;tif;png;wav</Extensions>
    </Filter>
  </ItemGroup>
  <ItemGroup>
    <ClCompile Include="Entry.cpp">
      <Filter>Source Files</Filter>
    </ClCompile>
    <ClCompile Include="algorithms\a-02-1-insertionsort\InsertionSort.cpp">
      <Filter>Source Files</Filter>
    </ClCompile>
    <ClCompile Include="algorithms\a-02-3-mergesort\MergeSort.cpp">
      <Filter>Source Files</Filter>
    </ClCompile>
    <ClCompile Include="algorithms\a-04-1-maxsubarray\MaxSubArray.cpp">
      <Filter>Source Files</Filter>
    </ClCompile>
    <ClCompile Include="algorithms\a-04-2-matrixmultiply\MatrixMultiply.cpp">
      <Filter>Source Files</Filter>
    </ClCompile>
    <ClCompile Include="algorithms\a-06-4-heapsort\HeapSort.cpp">
      <Filter>Source Files</Filter>
    </ClCompile>
    <ClCompile Include="algorithms\a-06-5-priorityqueue\PriorityQueueTest.cpp">
      <Filter>Source Files</Filter>
    </ClCompile>
    <ClCompile Include="algorithms\a-07-1-quicksort\QuickSort.cpp">
      <Filter>Source Files</Filter>
    </ClCompile>
    <ClCompile Include="algorithms\a-08-2-countingsort\CountingSort.cpp">
      <Filter>Source Files</Filter>
    </ClCompile>
    <ClCompile Include="algorithms\a-08-3-radixsort\RadixSort.cpp">
      <Filter>Source Files</Filter>
    </ClCompile>
    <ClCompile Include="algorithms\a-09-2-randomizedselect\RandomizedSelect.cpp">
      <Filter>Source Files</Filter>
    </ClCompile>
    <ClCompile Include="algorithms\a-10-2-doublylinkedlist\DoublyLinkedList.cpp">
      <Filter>Source Files</Filter>
    </ClCompile>
    <ClCompile Include="algorithms\a-10-2-doublylinkedlist\DoublyLinkedListTest.cpp">
      <Filter>Source Files</Filter>
    </ClCompile>
    <ClCompile Include="algorithms\a-11-3-hashing\Hashing.cpp">
      <Filter>Source Files</Filter>
    </ClCompile>
    <ClCompile Include="algorithms\a-11-3-hashing\HashingTest.cpp">
      <Filter>Source Files</Filter>
    </ClCompile>
    <ClCompile Include="algorithms\a-12-0-binarysearchtree\BinarySearchTree.cpp">
      <Filter>Source Files</Filter>
    </ClCompile>
    <ClCompile Include="algorithms\a-12-0-binarysearchtree\BinarySearchTreeTest.cpp">
      <Filter>Source Files</Filter>
    </ClCompile>
    <ClCompile Include="algorithms\a-13-0-redblacktree\RedBlackTree.cpp">
      <Filter>Source Files</Filter>
    </ClCompile>
    <ClCompile Include="algorithms\a-13-0-redblacktree\RedBlackTreeTest.cpp">
      <Filter>Source Files</Filter>
    </ClCompile>
    <ClCompile Include="algorithms\a-15-1-rodcutting\RodCutting.cpp">
      <Filter>Source Files</Filter>
    </ClCompile>
    <ClCompile Include="algorithms\a-15-2-matrixchainx\MatrixChainX.cpp">
      <Filter>Source Files</Filter>
    </ClCompile>
    <ClCompile Include="algorithms\a-15-4-lcs\LCS.cpp">
      <Filter>Source Files</Filter>
    </ClCompile>
    <ClCompile Include="common\AdvancedCollectionTest.cpp">
      <Filter>Source Files</Filter>
    </ClCompile>
    <ClCompile Include="common\Algorithms.cpp">
      <Filter>Source Files</Filter>
    </ClCompile>
    <ClCompile Include="common\CollectionTest.cpp">
      <Filter>Source Files</Filter>
    </ClCompile>
    <ClCompile Include="common\Utils.cpp">
      <Filter>Source Files</Filter>
    </ClCompile>
    <ClCompile Include="thinkings\t-02-4-inversion\Inversion.cpp">
      <Filter>Source Files</Filter>
    </ClCompile>
    <ClCompile Include="thinkings\t-06-3-youngtableau\YoungTableau.cpp">
      <Filter>Source Files</Filter>
    </ClCompile>
    <ClCompile Include="thinkings\t-13-3-avltree\AVLTree.cpp">
      <Filter>Source Files</Filter>
    </ClCompile>
    <ClCompile Include="thinkings\t-13-3-avltree\AVLTreeTest.cpp">
      <Filter>Source Files</Filter>
    </ClCompile>
    <ClCompile Include="algorithms\a-02-1-insertionsort\insertion_sort_realization.cpp">
      <Filter>Source Files</Filter>
    </ClCompile>
    <ClCompile Include="algorithms\a-02-3-mergesort\merge_sort_realization.cpp">
      <Filter>Source Files</Filter>
    </ClCompile>
    <ClCompile Include="algorithms\a-04-1-maxsubarray\max_subarray_realization.cpp">
      <Filter>Source Files</Filter>
    </ClCompile>
    <ClCompile Include="algorithms\a-04-2-matrixmultiply\matrix_multiply_realization.cpp">
      <Filter>Source Files</Filter>
    </ClCompile>
    <ClCompile Include="algorithms\a-06-4-heapsort\heap_sort_realization.cpp">
      <Filter>Source Files</Filter>
    </ClCompile>
    <ClCompile Include="algorithms\a-06-5-priorityqueue\priority_queue_realization.cpp">
      <Filter>Source Files</Filter>
    </ClCompile>
    <ClCompile Include="algorithms\a-07-1-quicksort\quick_sort_realization.cpp">
      <Filter>Source Files</Filter>
    </ClCompile>
    <ClCompile Include="algorithms\a-07-1-quicksort\randomized_quick_sort_realization.cpp">
      <Filter>Source Files</Filter>
    </ClCompile>
    <ClCompile Include="algorithms\a-08-2-countingsort\counting_sort_realization.cpp">
      <Filter>Source Files</Filter>
    </ClCompile>
    <ClCompile Include="algorithms\a-08-3-radixsort\radix_sort_realization.cpp">
      <Filter>Source Files</Filter>
    </ClCompile>
    <ClCompile Include="algorithms\a-09-2-randomizedselect\randomized_select_realization.cpp">
      <Filter>Source Files</Filter>
    </ClCompile>
    <ClCompile Include="algorithms\a-15-1-rodcutting\rod_cutting_realization.cpp">
      <Filter>Source Files</Filter>
    </ClCompile>
    <ClCompile Include="algorithms\a-15-2-matrixchainx\matrix_chain_x_realization.cpp">
      <Filter>Source Files</Filter>
    </ClCompile>
    <ClCompile Include="algorithms\a-15-4-lcs\LCS_realization.cpp">
      <Filter>Source Files</Filter>
    </ClCompile>
    <ClCompile Include="thinkings\t-02-4-inversion\inversion_realization.cpp">
      <Filter>Source Files</Filter>
    </ClCompile>
    <ClCompile Include="thinkings\t-06-3-youngtableau\young_tableau_realization.cpp">
      <Filter>Source Files</Filter>
    </ClCompile>
    <ClCompile Include="Algorithms\A-16-1-ActivityChoice\ActivityChoice.cpp">
      <Filter>Source Files</Filter>
    </ClCompile>
    <ClCompile Include="Algorithms\A-16-1-ActivityChoice\ActivityChoice_realization.cpp">
      <Filter>Source Files</Filter>
    </ClCompile>
  </ItemGroup>
  <ItemGroup>
    <ClInclude Include="AlgorithmsList.hpp">
      <Filter>Header Files</Filter>
    </ClInclude>
    <ClInclude Include="algorithms\a-02-1-insertionsort\InsertionSort.h">
      <Filter>Header Files</Filter>
    </ClInclude>
    <ClInclude Include="algorithms\a-02-3-mergesort\MergeSort.h">
      <Filter>Header Files</Filter>
    </ClInclude>
    <ClInclude Include="algorithms\a-04-1-maxsubarray\MaxSubArray.h">
      <Filter>Header Files</Filter>
    </ClInclude>
    <ClInclude Include="algorithms\a-04-1-maxsubarray\max_subarray_realization.h">
      <Filter>Header Files</Filter>
    </ClInclude>
    <ClInclude Include="algorithms\a-04-2-matrixmultiply\MatrixMultiply.h">
      <Filter>Header Files</Filter>
    </ClInclude>
    <ClInclude Include="algorithms\a-06-4-heapsort\HeapSort.h">
      <Filter>Header Files</Filter>
    </ClInclude>
    <ClInclude Include="algorithms\a-06-5-priorityqueue\PriorityQueueTest.h">
      <Filter>Header Files</Filter>
    </ClInclude>
    <ClInclude Include="algorithms\a-07-1-quicksort\QuickSort.h">
      <Filter>Header Files</Filter>
    </ClInclude>
    <ClInclude Include="algorithms\a-08-2-countingsort\CountingSort.h">
      <Filter>Header Files</Filter>
    </ClInclude>
    <ClInclude Include="algorithms\a-08-3-radixsort\RadixSort.h">
      <Filter>Header Files</Filter>
    </ClInclude>
    <ClInclude Include="algorithms\a-09-2-randomizedselect\RandomizedSelect.h">
      <Filter>Header Files</Filter>
    </ClInclude>
    <ClInclude Include="algorithms\a-10-2-doublylinkedlist\DoublyLinkedList.h">
      <Filter>Header Files</Filter>
    </ClInclude>
    <ClInclude Include="algorithms\a-10-2-doublylinkedlist\DoublyLinkedListTest.h">
      <Filter>Header Files</Filter>
    </ClInclude>
    <ClInclude Include="algorithms\a-11-3-hashing\Hashing.h">
      <Filter>Header Files</Filter>
    </ClInclude>
    <ClInclude Include="algorithms\a-11-3-hashing\HashingTest.h">
      <Filter>Header Files</Filter>
    </ClInclude>
    <ClInclude Include="algorithms\a-12-0-binarysearchtree\BinarySearchTree.h">
      <Filter>Header Files</Filter>
    </ClInclude>
    <ClInclude Include="algorithms\a-12-0-binarysearchtree\BinarySearchTreeTest.h">
      <Filter>Header Files</Filter>
    </ClInclude>
    <ClInclude Include="algorithms\a-13-0-redblacktree\RedBlackTree.h">
      <Filter>Header Files</Filter>
    </ClInclude>
    <ClInclude Include="algorithms\a-13-0-redblacktree\RedBlackTreeTest.h">
      <Filter>Header Files</Filter>
    </ClInclude>
    <ClInclude Include="algorithms\a-15-1-rodcutting\RodCutting.h">
      <Filter>Header Files</Filter>
    </ClInclude>
    <ClInclude Include="algorithms\a-15-2-matrixchainx\MatrixChainX.h">
      <Filter>Header Files</Filter>
    </ClInclude>
    <ClInclude Include="algorithms\a-15-4-lcs\LCS.h">
      <Filter>Header Files</Filter>
    </ClInclude>
    <ClInclude Include="common\AdvancedCollectionTest.h">
      <Filter>Header Files</Filter>
    </ClInclude>
    <ClInclude Include="common\Algorithms.h">
      <Filter>Header Files</Filter>
    </ClInclude>
    <ClInclude Include="common\CollectionTest.h">
      <Filter>Header Files</Filter>
    </ClInclude>
    <ClInclude Include="common\ICollection.h">
      <Filter>Header Files</Filter>
    </ClInclude>
    <ClInclude Include="common\Utils.h">
      <Filter>Header Files</Filter>
    </ClInclude>
    <ClInclude Include="thinkings\t-02-4-inversion\Inversion.h">
      <Filter>Header Files</Filter>
    </ClInclude>
    <ClInclude Include="thinkings\t-06-3-youngtableau\YoungTableau.h">
      <Filter>Header Files</Filter>
    </ClInclude>
    <ClInclude Include="thinkings\t-13-3-avltree\AVLTree.h">
      <Filter>Header Files</Filter>
    </ClInclude>
    <ClInclude Include="thinkings\t-13-3-avltree\AVLTreeTest.h">
      <Filter>Header Files</Filter>
    </ClInclude>
    <ClInclude Include="Algorithms\A-16-1-ActivityChoice\ActivityChoice.h">
      <Filter>Header Files</Filter>
    </ClInclude>
  </ItemGroup>
</Project>